// !$*UTF8*$!
{
	archiveVersion = 1;
	classes = {
	};
	objectVersion = 48;
	objects = {

/* Begin PBXBuildFile section */
		9A293852204A4947007BE1B5 /* AppDelegate.swift in Sources */ = {isa = PBXBuildFile; fileRef = 9A293851204A4947007BE1B5 /* AppDelegate.swift */; };
		9A293854204A4947007BE1B5 /* ViewController.swift in Sources */ = {isa = PBXBuildFile; fileRef = 9A293853204A4947007BE1B5 /* ViewController.swift */; };
		9A293857204A4947007BE1B5 /* Main.storyboard in Resources */ = {isa = PBXBuildFile; fileRef = 9A293855204A4947007BE1B5 /* Main.storyboard */; };
		9A293859204A4947007BE1B5 /* Assets.xcassets in Resources */ = {isa = PBXBuildFile; fileRef = 9A293858204A4947007BE1B5 /* Assets.xcassets */; };
		9A29385C204A4947007BE1B5 /* LaunchScreen.storyboard in Resources */ = {isa = PBXBuildFile; fileRef = 9A29385A204A4947007BE1B5 /* LaunchScreen.storyboard */; };
		9A293867204A4948007BE1B5 /* TwitterTests.swift in Sources */ = {isa = PBXBuildFile; fileRef = 9A293866204A4948007BE1B5 /* TwitterTests.swift */; };
		9A293872204A4948007BE1B5 /* TwitterUITests.swift in Sources */ = {isa = PBXBuildFile; fileRef = 9A293871204A4948007BE1B5 /* TwitterUITests.swift */; };
/* End PBXBuildFile section */

/* Begin PBXContainerItemProxy section */
		9A293863204A4948007BE1B5 /* PBXContainerItemProxy */ = {
			isa = PBXContainerItemProxy;
			containerPortal = 9A293846204A4947007BE1B5 /* Project object */;
			proxyType = 1;
			remoteGlobalIDString = 9A29384D204A4947007BE1B5;
			remoteInfo = Twitter;
		};
		9A29386E204A4948007BE1B5 /* PBXContainerItemProxy */ = {
			isa = PBXContainerItemProxy;
			containerPortal = 9A293846204A4947007BE1B5 /* Project object */;
			proxyType = 1;
			remoteGlobalIDString = 9A29384D204A4947007BE1B5;
			remoteInfo = Twitter;
		};
/* End PBXContainerItemProxy section */

/* Begin PBXFileReference section */
		9A29384E204A4947007BE1B5 /* Twitter.app */ = {isa = PBXFileReference; explicitFileType = wrapper.application; includeInIndex = 0; path = Twitter.app; sourceTree = BUILT_PRODUCTS_DIR; };
		9A293851204A4947007BE1B5 /* AppDelegate.swift */ = {isa = PBXFileReference; lastKnownFileType = sourcecode.swift; path = AppDelegate.swift; sourceTree = "<group>"; };
		9A293853204A4947007BE1B5 /* ViewController.swift */ = {isa = PBXFileReference; lastKnownFileType = sourcecode.swift; path = ViewController.swift; sourceTree = "<group>"; };
		9A293856204A4947007BE1B5 /* Base */ = {isa = PBXFileReference; lastKnownFileType = file.storyboard; name = Base; path = Base.lproj/Main.storyboard; sourceTree = "<group>"; };
		9A293858204A4947007BE1B5 /* Assets.xcassets */ = {isa = PBXFileReference; lastKnownFileType = folder.assetcatalog; path = Assets.xcassets; sourceTree = "<group>"; };
		9A29385B204A4947007BE1B5 /* Base */ = {isa = PBXFileReference; lastKnownFileType = file.storyboard; name = Base; path = Base.lproj/LaunchScreen.storyboard; sourceTree = "<group>"; };
		9A29385D204A4947007BE1B5 /* Info.plist */ = {isa = PBXFileReference; lastKnownFileType = text.plist.xml; path = Info.plist; sourceTree = "<group>"; };
		9A293862204A4948007BE1B5 /* TwitterTests.xctest */ = {isa = PBXFileReference; explicitFileType = wrapper.cfbundle; includeInIndex = 0; path = TwitterTests.xctest; sourceTree = BUILT_PRODUCTS_DIR; };
		9A293866204A4948007BE1B5 /* TwitterTests.swift */ = {isa = PBXFileReference; lastKnownFileType = sourcecode.swift; path = TwitterTests.swift; sourceTree = "<group>"; };
		9A293868204A4948007BE1B5 /* Info.plist */ = {isa = PBXFileReference; lastKnownFileType = text.plist.xml; path = Info.plist; sourceTree = "<group>"; };
		9A29386D204A4948007BE1B5 /* TwitterUITests.xctest */ = {isa = PBXFileReference; explicitFileType = wrapper.cfbundle; includeInIndex = 0; path = TwitterUITests.xctest; sourceTree = BUILT_PRODUCTS_DIR; };
		9A293871204A4948007BE1B5 /* TwitterUITests.swift */ = {isa = PBXFileReference; lastKnownFileType = sourcecode.swift; path = TwitterUITests.swift; sourceTree = "<group>"; };
		9A293873204A4948007BE1B5 /* Info.plist */ = {isa = PBXFileReference; lastKnownFileType = text.plist.xml; path = Info.plist; sourceTree = "<group>"; };
/* End PBXFileReference section */

/* Begin PBXFrameworksBuildPhase section */
		9A29384B204A4947007BE1B5 /* Frameworks */ = {
			isa = PBXFrameworksBuildPhase;
			buildActionMask = 2147483647;
			files = (
			);
			runOnlyForDeploymentPostprocessing = 0;
		};
		9A29385F204A4948007BE1B5 /* Frameworks */ = {
			isa = PBXFrameworksBuildPhase;
			buildActionMask = 2147483647;
			files = (
			);
			runOnlyForDeploymentPostprocessing = 0;
		};
		9A29386A204A4948007BE1B5 /* Frameworks */ = {
			isa = PBXFrameworksBuildPhase;
			buildActionMask = 2147483647;
			files = (
			);
			runOnlyForDeploymentPostprocessing = 0;
		};
/* End PBXFrameworksBuildPhase section */

/* Begin PBXGroup section */
		9A293845204A4947007BE1B5 = {
			isa = PBXGroup;
			children = (
				9A293850204A4947007BE1B5 /* Twitter */,
				9A293865204A4948007BE1B5 /* TwitterTests */,
				9A293870204A4948007BE1B5 /* TwitterUITests */,
				9A29384F204A4947007BE1B5 /* Products */,
			);
			sourceTree = "<group>";
		};
		9A29384F204A4947007BE1B5 /* Products */ = {
			isa = PBXGroup;
			children = (
				9A29384E204A4947007BE1B5 /* Twitter.app */,
				9A293862204A4948007BE1B5 /* TwitterTests.xctest */,
				9A29386D204A4948007BE1B5 /* TwitterUITests.xctest */,
			);
			name = Products;
			sourceTree = "<group>";
		};
		9A293850204A4947007BE1B5 /* Twitter */ = {
			isa = PBXGroup;
			children = (
				9A293851204A4947007BE1B5 /* AppDelegate.swift */,
				9A293853204A4947007BE1B5 /* ViewController.swift */,
				9A293855204A4947007BE1B5 /* Main.storyboard */,
				9A293858204A4947007BE1B5 /* Assets.xcassets */,
				9A29385A204A4947007BE1B5 /* LaunchScreen.storyboard */,
				9A29385D204A4947007BE1B5 /* Info.plist */,
			);
			path = Twitter;
			sourceTree = "<group>";
		};
		9A293865204A4948007BE1B5 /* TwitterTests */ = {
			isa = PBXGroup;
			children = (
				9A293866204A4948007BE1B5 /* TwitterTests.swift */,
				9A293868204A4948007BE1B5 /* Info.plist */,
			);
			path = TwitterTests;
			sourceTree = "<group>";
		};
		9A293870204A4948007BE1B5 /* TwitterUITests */ = {
			isa = PBXGroup;
			children = (
				9A293871204A4948007BE1B5 /* TwitterUITests.swift */,
				9A293873204A4948007BE1B5 /* Info.plist */,
			);
			path = TwitterUITests;
			sourceTree = "<group>";
		};
/* End PBXGroup section */

/* Begin PBXNativeTarget section */
		9A29384D204A4947007BE1B5 /* Twitter */ = {
			isa = PBXNativeTarget;
			buildConfigurationList = 9A293876204A4948007BE1B5 /* Build configuration list for PBXNativeTarget "Twitter" */;
			buildPhases = (
				9A29384A204A4947007BE1B5 /* Sources */,
				9A29384B204A4947007BE1B5 /* Frameworks */,
				9A29384C204A4947007BE1B5 /* Resources */,
			);
			buildRules = (
			);
			dependencies = (
			);
			name = Twitter;
			productName = Twitter;
			productReference = 9A29384E204A4947007BE1B5 /* Twitter.app */;
			productType = "com.apple.product-type.application";
		};
		9A293861204A4948007BE1B5 /* TwitterTests */ = {
			isa = PBXNativeTarget;
			buildConfigurationList = 9A293879204A4948007BE1B5 /* Build configuration list for PBXNativeTarget "TwitterTests" */;
			buildPhases = (
				9A29385E204A4948007BE1B5 /* Sources */,
				9A29385F204A4948007BE1B5 /* Frameworks */,
				9A293860204A4948007BE1B5 /* Resources */,
			);
			buildRules = (
			);
			dependencies = (
				9A293864204A4948007BE1B5 /* PBXTargetDependency */,
			);
			name = TwitterTests;
			productName = TwitterTests;
			productReference = 9A293862204A4948007BE1B5 /* TwitterTests.xctest */;
			productType = "com.apple.product-type.bundle.unit-test";
		};
		9A29386C204A4948007BE1B5 /* TwitterUITests */ = {
			isa = PBXNativeTarget;
			buildConfigurationList = 9A29387C204A4948007BE1B5 /* Build configuration list for PBXNativeTarget "TwitterUITests" */;
			buildPhases = (
				9A293869204A4948007BE1B5 /* Sources */,
				9A29386A204A4948007BE1B5 /* Frameworks */,
				9A29386B204A4948007BE1B5 /* Resources */,
			);
			buildRules = (
			);
			dependencies = (
				9A29386F204A4948007BE1B5 /* PBXTargetDependency */,
			);
			name = TwitterUITests;
			productName = TwitterUITests;
			productReference = 9A29386D204A4948007BE1B5 /* TwitterUITests.xctest */;
			productType = "com.apple.product-type.bundle.ui-testing";
		};
/* End PBXNativeTarget section */

/* Begin PBXProject section */
		9A293846204A4947007BE1B5 /* Project object */ = {
			isa = PBXProject;
			attributes = {
				LastSwiftUpdateCheck = 0920;
				LastUpgradeCheck = 0920;
				ORGANIZATIONNAME = "Sandra Flores";
				TargetAttributes = {
					9A29384D204A4947007BE1B5 = {
						CreatedOnToolsVersion = 9.2;
						ProvisioningStyle = Automatic;
					};
					9A293861204A4948007BE1B5 = {
						CreatedOnToolsVersion = 9.2;
						ProvisioningStyle = Automatic;
						TestTargetID = 9A29384D204A4947007BE1B5;
					};
					9A29386C204A4948007BE1B5 = {
						CreatedOnToolsVersion = 9.2;
						ProvisioningStyle = Automatic;
						TestTargetID = 9A29384D204A4947007BE1B5;
					};
				};
			};
			buildConfigurationList = 9A293849204A4947007BE1B5 /* Build configuration list for PBXProject "Twitter" */;
			compatibilityVersion = "Xcode 8.0";
			developmentRegion = en;
			hasScannedForEncodings = 0;
			knownRegions = (
				en,
				Base,
			);
			mainGroup = 9A293845204A4947007BE1B5;
			productRefGroup = 9A29384F204A4947007BE1B5 /* Products */;
			projectDirPath = "";
			projectRoot = "";
			targets = (
				9A29384D204A4947007BE1B5 /* Twitter */,
				9A293861204A4948007BE1B5 /* TwitterTests */,
				9A29386C204A4948007BE1B5 /* TwitterUITests */,
			);
		};
/* End PBXProject section */

/* Begin PBXResourcesBuildPhase section */
		9A29384C204A4947007BE1B5 /* Resources */ = {
			isa = PBXResourcesBuildPhase;
			buildActionMask = 2147483647;
			files = (
				9A29385C204A4947007BE1B5 /* LaunchScreen.storyboard in Resources */,
				9A293859204A4947007BE1B5 /* Assets.xcassets in Resources */,
				9A293857204A4947007BE1B5 /* Main.storyboard in Resources */,
			);
			runOnlyForDeploymentPostprocessing = 0;
		};
		9A293860204A4948007BE1B5 /* Resources */ = {
			isa = PBXResourcesBuildPhase;
			buildActionMask = 2147483647;
			files = (
			);
			runOnlyForDeploymentPostprocessing = 0;
		};
		9A29386B204A4948007BE1B5 /* Resources */ = {
			isa = PBXResourcesBuildPhase;
			buildActionMask = 2147483647;
			files = (
			);
			runOnlyForDeploymentPostprocessing = 0;
		};
/* End PBXResourcesBuildPhase section */

/* Begin PBXSourcesBuildPhase section */
		9A29384A204A4947007BE1B5 /* Sources */ = {
			isa = PBXSourcesBuildPhase;
			buildActionMask = 2147483647;
			files = (
				9A293854204A4947007BE1B5 /* ViewController.swift in Sources */,
				9A293852204A4947007BE1B5 /* AppDelegate.swift in Sources */,
			);
			runOnlyForDeploymentPostprocessing = 0;
		};
		9A29385E204A4948007BE1B5 /* Sources */ = {
			isa = PBXSourcesBuildPhase;
			buildActionMask = 2147483647;
			files = (
				9A293867204A4948007BE1B5 /* TwitterTests.swift in Sources */,
			);
			runOnlyForDeploymentPostprocessing = 0;
		};
		9A293869204A4948007BE1B5 /* Sources */ = {
			isa = PBXSourcesBuildPhase;
			buildActionMask = 2147483647;
			files = (
				9A293872204A4948007BE1B5 /* TwitterUITests.swift in Sources */,
			);
			runOnlyForDeploymentPostprocessing = 0;
		};
/* End PBXSourcesBuildPhase section */

/* Begin PBXTargetDependency section */
		9A293864204A4948007BE1B5 /* PBXTargetDependency */ = {
			isa = PBXTargetDependency;
			target = 9A29384D204A4947007BE1B5 /* Twitter */;
			targetProxy = 9A293863204A4948007BE1B5 /* PBXContainerItemProxy */;
		};
		9A29386F204A4948007BE1B5 /* PBXTargetDependency */ = {
			isa = PBXTargetDependency;
			target = 9A29384D204A4947007BE1B5 /* Twitter */;
			targetProxy = 9A29386E204A4948007BE1B5 /* PBXContainerItemProxy */;
		};
/* End PBXTargetDependency section */

/* Begin PBXVariantGroup section */
		9A293855204A4947007BE1B5 /* Main.storyboard */ = {
			isa = PBXVariantGroup;
			children = (
				9A293856204A4947007BE1B5 /* Base */,
			);
			name = Main.storyboard;
			sourceTree = "<group>";
		};
		9A29385A204A4947007BE1B5 /* LaunchScreen.storyboard */ = {
			isa = PBXVariantGroup;
			children = (
				9A29385B204A4947007BE1B5 /* Base */,
			);
			name = LaunchScreen.storyboard;
			sourceTree = "<group>";
		};
/* End PBXVariantGroup section */

/* Begin XCBuildConfiguration section */
		9A293874204A4948007BE1B5 /* Debug */ = {
			isa = XCBuildConfiguration;
			buildSettings = {
				ALWAYS_SEARCH_USER_PATHS = NO;
				CLANG_ANALYZER_NONNULL = YES;
				CLANG_ANALYZER_NUMBER_OBJECT_CONVERSION = YES_AGGRESSIVE;
				CLANG_CXX_LANGUAGE_STANDARD = "gnu++14";
				CLANG_CXX_LIBRARY = "libc++";
				CLANG_ENABLE_MODULES = YES;
				CLANG_ENABLE_OBJC_ARC = YES;
				CLANG_WARN_BLOCK_CAPTURE_AUTORELEASING = YES;
				CLANG_WARN_BOOL_CONVERSION = YES;
				CLANG_WARN_COMMA = YES;
				CLANG_WARN_CONSTANT_CONVERSION = YES;
				CLANG_WARN_DIRECT_OBJC_ISA_USAGE = YES_ERROR;
				CLANG_WARN_DOCUMENTATION_COMMENTS = YES;
				CLANG_WARN_EMPTY_BODY = YES;
				CLANG_WARN_ENUM_CONVERSION = YES;
				CLANG_WARN_INFINITE_RECURSION = YES;
				CLANG_WARN_INT_CONVERSION = YES;
				CLANG_WARN_NON_LITERAL_NULL_CONVERSION = YES;
				CLANG_WARN_OBJC_LITERAL_CONVERSION = YES;
				CLANG_WARN_OBJC_ROOT_CLASS = YES_ERROR;
				CLANG_WARN_RANGE_LOOP_ANALYSIS = YES;
				CLANG_WARN_STRICT_PROTOTYPES = YES;
				CLANG_WARN_SUSPICIOUS_MOVE = YES;
				CLANG_WARN_UNGUARDED_AVAILABILITY = YES_AGGRESSIVE;
				CLANG_WARN_UNREACHABLE_CODE = YES;
				CLANG_WARN__DUPLICATE_METHOD_MATCH = YES;
				CODE_SIGN_IDENTITY = "iPhone Developer";
				COPY_PHASE_STRIP = NO;
				DEBUG_INFORMATION_FORMAT = dwarf;
				ENABLE_STRICT_OBJC_MSGSEND = YES;
				ENABLE_TESTABILITY = YES;
				GCC_C_LANGUAGE_STANDARD = gnu11;
				GCC_DYNAMIC_NO_PIC = NO;
				GCC_NO_COMMON_BLOCKS = YES;
				GCC_OPTIMIZATION_LEVEL = 0;
				GCC_PREPROCESSOR_DEFINITIONS = (
					"DEBUG=1",
					"$(inherited)",
				);
				GCC_WARN_64_TO_32_BIT_CONVERSION = YES;
				GCC_WARN_ABOUT_RETURN_TYPE = YES_ERROR;
				GCC_WARN_UNDECLARED_SELECTOR = YES;
				GCC_WARN_UNINITIALIZED_AUTOS = YES_AGGRESSIVE;
				GCC_WARN_UNUSED_FUNCTION = YES;
				GCC_WARN_UNUSED_VARIABLE = YES;
				IPHONEOS_DEPLOYMENT_TARGET = 11.2;
				MTL_ENABLE_DEBUG_INFO = YES;
				ONLY_ACTIVE_ARCH = YES;
				SDKROOT = iphoneos;
				SWIFT_ACTIVE_COMPILATION_CONDITIONS = DEBUG;
				SWIFT_OPTIMIZATION_LEVEL = "-Onone";
			};
			name = Debug;
		};
		9A293875204A4948007BE1B5 /* Release */ = {
			isa = XCBuildConfiguration;
			buildSettings = {
				ALWAYS_SEARCH_USER_PATHS = NO;
				CLANG_ANALYZER_NONNULL = YES;
				CLANG_ANALYZER_NUMBER_OBJECT_CONVERSION = YES_AGGRESSIVE;
				CLANG_CXX_LANGUAGE_STANDARD = "gnu++14";
				CLANG_CXX_LIBRARY = "libc++";
				CLANG_ENABLE_MODULES = YES;
				CLANG_ENABLE_OBJC_ARC = YES;
				CLANG_WARN_BLOCK_CAPTURE_AUTORELEASING = YES;
				CLANG_WARN_BOOL_CONVERSION = YES;
				CLANG_WARN_COMMA = YES;
				CLANG_WARN_CONSTANT_CONVERSION = YES;
				CLANG_WARN_DIRECT_OBJC_ISA_USAGE = YES_ERROR;
				CLANG_WARN_DOCUMENTATION_COMMENTS = YES;
				CLANG_WARN_EMPTY_BODY = YES;
				CLANG_WARN_ENUM_CONVERSION = YES;
				CLANG_WARN_INFINITE_RECURSION = YES;
				CLANG_WARN_INT_CONVERSION = YES;
				CLANG_WARN_NON_LITERAL_NULL_CONVERSION = YES;
				CLANG_WARN_OBJC_LITERAL_CONVERSION = YES;
				CLANG_WARN_OBJC_ROOT_CLASS = YES_ERROR;
				CLANG_WARN_RANGE_LOOP_ANALYSIS = YES;
				CLANG_WARN_STRICT_PROTOTYPES = YES;
				CLANG_WARN_SUSPICIOUS_MOVE = YES;
				CLANG_WARN_UNGUARDED_AVAILABILITY = YES_AGGRESSIVE;
				CLANG_WARN_UNREACHABLE_CODE = YES;
				CLANG_WARN__DUPLICATE_METHOD_MATCH = YES;
				CODE_SIGN_IDENTITY = "iPhone Developer";
				COPY_PHASE_STRIP = NO;
				DEBUG_INFORMATION_FORMAT = "dwarf-with-dsym";
				ENABLE_NS_ASSERTIONS = NO;
				ENABLE_STRICT_OBJC_MSGSEND = YES;
				GCC_C_LANGUAGE_STANDARD = gnu11;
				GCC_NO_COMMON_BLOCKS = YES;
				GCC_WARN_64_TO_32_BIT_CONVERSION = YES;
				GCC_WARN_ABOUT_RETURN_TYPE = YES_ERROR;
				GCC_WARN_UNDECLARED_SELECTOR = YES;
				GCC_WARN_UNINITIALIZED_AUTOS = YES_AGGRESSIVE;
				GCC_WARN_UNUSED_FUNCTION = YES;
				GCC_WARN_UNUSED_VARIABLE = YES;
				IPHONEOS_DEPLOYMENT_TARGET = 11.2;
				MTL_ENABLE_DEBUG_INFO = NO;
				SDKROOT = iphoneos;
				SWIFT_OPTIMIZATION_LEVEL = "-Owholemodule";
				VALIDATE_PRODUCT = YES;
			};
			name = Release;
		};
		9A293877204A4948007BE1B5 /* Debug */ = {
			isa = XCBuildConfiguration;
			buildSettings = {
				ASSETCATALOG_COMPILER_APPICON_NAME = AppIcon;
				CODE_SIGN_STYLE = Automatic;
				INFOPLIST_FILE = Twitter/Info.plist;
				LD_RUNPATH_SEARCH_PATHS = "$(inherited) @executable_path/Frameworks";
				PRODUCT_BUNDLE_IDENTIFIER = edu.csumb.sfloressilverio.Twitter;
				PRODUCT_NAME = "$(TARGET_NAME)";
				SWIFT_VERSION = 4.0;
				TARGETED_DEVICE_FAMILY = "1,2";
			};
			name = Debug;
		};
		9A293878204A4948007BE1B5 /* Release */ = {
			isa = XCBuildConfiguration;
			buildSettings = {
				ASSETCATALOG_COMPILER_APPICON_NAME = AppIcon;
				CODE_SIGN_STYLE = Automatic;
				INFOPLIST_FILE = Twitter/Info.plist;
				LD_RUNPATH_SEARCH_PATHS = "$(inherited) @executable_path/Frameworks";
				PRODUCT_BUNDLE_IDENTIFIER = edu.csumb.sfloressilverio.Twitter;
				PRODUCT_NAME = "$(TARGET_NAME)";
				SWIFT_VERSION = 4.0;
				TARGETED_DEVICE_FAMILY = "1,2";
			};
			name = Release;
		};
		9A29387A204A4948007BE1B5 /* Debug */ = {
			isa = XCBuildConfiguration;
			buildSettings = {
				ALWAYS_EMBED_SWIFT_STANDARD_LIBRARIES = YES;
				BUNDLE_LOADER = "$(TEST_HOST)";
				CODE_SIGN_STYLE = Automatic;
				INFOPLIST_FILE = TwitterTests/Info.plist;
				LD_RUNPATH_SEARCH_PATHS = "$(inherited) @executable_path/Frameworks @loader_path/Frameworks";
				PRODUCT_BUNDLE_IDENTIFIER = edu.csumb.sfloressilverio.TwitterTests;
				PRODUCT_NAME = "$(TARGET_NAME)";
				SWIFT_VERSION = 4.0;
				TARGETED_DEVICE_FAMILY = "1,2";
				TEST_HOST = "$(BUILT_PRODUCTS_DIR)/Twitter.app/Twitter";
			};
			name = Debug;
		};
		9A29387B204A4948007BE1B5 /* Release */ = {
			isa = XCBuildConfiguration;
			buildSettings = {
				ALWAYS_EMBED_SWIFT_STANDARD_LIBRARIES = YES;
				BUNDLE_LOADER = "$(TEST_HOST)";
				CODE_SIGN_STYLE = Automatic;
				INFOPLIST_FILE = TwitterTests/Info.plist;
				LD_RUNPATH_SEARCH_PATHS = "$(inherited) @executable_path/Frameworks @loader_path/Frameworks";
				PRODUCT_BUNDLE_IDENTIFIER = edu.csumb.sfloressilverio.TwitterTests;
				PRODUCT_NAME = "$(TARGET_NAME)";
				SWIFT_VERSION = 4.0;
				TARGETED_DEVICE_FAMILY = "1,2";
				TEST_HOST = "$(BUILT_PRODUCTS_DIR)/Twitter.app/Twitter";
			};
			name = Release;
		};
		9A29387D204A4948007BE1B5 /* Debug */ = {
			isa = XCBuildConfiguration;
			buildSettings = {
				ALWAYS_EMBED_SWIFT_STANDARD_LIBRARIES = YES;
				CODE_SIGN_STYLE = Automatic;
				INFOPLIST_FILE = TwitterUITests/Info.plist;
				LD_RUNPATH_SEARCH_PATHS = "$(inherited) @executable_path/Frameworks @loader_path/Frameworks";
				PRODUCT_BUNDLE_IDENTIFIER = edu.csumb.sfloressilverio.TwitterUITests;
				PRODUCT_NAME = "$(TARGET_NAME)";
				SWIFT_VERSION = 4.0;
				TARGETED_DEVICE_FAMILY = "1,2";
				TEST_TARGET_NAME = Twitter;
			};
			name = Debug;
		};
		9A29387E204A4948007BE1B5 /* Release */ = {
			isa = XCBuildConfiguration;
			buildSettings = {
				ALWAYS_EMBED_SWIFT_STANDARD_LIBRARIES = YES;
				CODE_SIGN_STYLE = Automatic;
				INFOPLIST_FILE = TwitterUITests/Info.plist;
				LD_RUNPATH_SEARCH_PATHS = "$(inherited) @executable_path/Frameworks @loader_path/Frameworks";
				PRODUCT_BUNDLE_IDENTIFIER = edu.csumb.sfloressilverio.TwitterUITests;
				PRODUCT_NAME = "$(TARGET_NAME)";
				SWIFT_VERSION = 4.0;
				TARGETED_DEVICE_FAMILY = "1,2";
				TEST_TARGET_NAME = Twitter;
			};
			name = Release;
		};
/* End XCBuildConfiguration section */

/* Begin XCConfigurationList section */
		9A293849204A4947007BE1B5 /* Build configuration list for PBXProject "Twitter" */ = {
			isa = XCConfigurationList;
			buildConfigurations = (
				9A293874204A4948007BE1B5 /* Debug */,
				9A293875204A4948007BE1B5 /* Release */,
			);
			defaultConfigurationIsVisible = 0;
			defaultConfigurationName = Release;
		};
		9A293876204A4948007BE1B5 /* Build configuration list for PBXNativeTarget "Twitter" */ = {
			isa = XCConfigurationList;
			buildConfigurations = (
				9A293877204A4948007BE1B5 /* Debug */,
				9A293878204A4948007BE1B5 /* Release */,
			);
			defaultConfigurationIsVisible = 0;
			defaultConfigurationName = Release;
		};
		9A293879204A4948007BE1B5 /* Build configuration list for PBXNativeTarget "TwitterTests" */ = {
			isa = XCConfigurationList;
			buildConfigurations = (
				9A29387A204A4948007BE1B5 /* Debug */,
				9A29387B204A4948007BE1B5 /* Release */,
			);
			defaultConfigurationIsVisible = 0;
			defaultConfigurationName = Release;
		};
		9A29387C204A4948007BE1B5 /* Build configuration list for PBXNativeTarget "TwitterUITests" */ = {
			isa = XCConfigurationList;
			buildConfigurations = (
				9A29387D204A4948007BE1B5 /* Debug */,
				9A29387E204A4948007BE1B5 /* Release */,
			);
			defaultConfigurationIsVisible = 0;
			defaultConfigurationName = Release;
		};
/* End XCConfigurationList section */
	};
	rootObject = 9A293846204A4947007BE1B5 /* Project object */;
}
